
Microsoft Visual Studio Solution File, Format Version 12.00
# Visual Studio Version 17
VisualStudioVersion = 17.4.33205.214
MinimumVisualStudioVersion = 10.0.40219.1
Project("{9A19103F-16F7-4668-BE54-9A1E7A4F7556}") = "HouseholdManager", "HouseholdManager.csproj", "{5FFAFDEA-4AB6-4ACD-8B28-F12265FED1EE}"
EndProject
Project("{2150E333-8FDC-42A3-9474-1A3956D46DE8}") = "Solution Items", "Solution Items", "{D46061A9-A3E6-4DE4-B292-55069667ADA1}"
	ProjectSection(SolutionItems) = preProject
		.editorconfig = .editorconfig
	EndProjectSection
EndProject
Global
	GlobalSection(SolutionConfigurationPlatforms) = preSolution
		Debug|Any CPU = Debug|Any CPU
		Release|Any CPU = Release|Any CPU
	EndGlobalSection
	GlobalSection(ProjectConfigurationPlatforms) = postSolution
		{5FFAFDEA-4AB6-4ACD-8B28-F12265FED1EE}.Debug|Any CPU.ActiveCfg = Debug|Any CPU
		{5FFAFDEA-4AB6-4ACD-8B28-F12265FED1EE}.Debug|Any CPU.Build.0 = Debug|Any CPU
		{5FFAFDEA-4AB6-4ACD-8B28-F12265FED1EE}.Release|Any CPU.ActiveCfg = Release|Any CPU
		{5FFAFDEA-4AB6-4ACD-8B28-F12265FED1EE}.Release|Any CPU.Build.0 = Release|Any CPU
	EndGlobalSection
	GlobalSection(SolutionProperties) = preSolution
		HideSolutionNode = FALSE
	EndGlobalSection
	GlobalSection(ExtensibilityGlobals) = postSolution
		SolutionGuid = {6516B887-484B-4767-9D80-9CA3BB264389}
	EndGlobalSection
EndGlobal
